
Microsoft Visual Studio Solution File, Format Version 12.00
# Visual Studio Version 17
VisualStudioVersion = 17.10.35122.118
MinimumVisualStudioVersion = 10.0.40219.1
Project("{9A19103F-16F7-4668-BE54-9A1E7A4F7556}") = "SMNS.App", "SMNS\SMNS.App.csproj", "{E7E4C67E-397E-4F97-864D-232AC8BE586B}"
	ProjectSection(ProjectDependencies) = postProject
		{3932334D-E184-4A25-84E6-2EBAF73426A7} = {3932334D-E184-4A25-84E6-2EBAF73426A7}
		{AB505BF7-297C-4C86-B353-30F6606439B4} = {AB505BF7-297C-4C86-B353-30F6606439B4}
		{E9876FBC-DC0F-4C3E-9C44-02A15A54685B} = {E9876FBC-DC0F-4C3E-9C44-02A15A54685B}
	EndProjectSection
EndProject
Project("{9A19103F-16F7-4668-BE54-9A1E7A4F7556}") = "SMNS.Infrastructure", "SMNS.Infrastructure\SMNS.Infrastructure.csproj", "{E9876FBC-DC0F-4C3E-9C44-02A15A54685B}"
EndProject
Project("{9A19103F-16F7-4668-BE54-9A1E7A4F7556}") = "SMNS.Domain", "SMNS.Domain\SMNS.Domain.csproj", "{AB505BF7-297C-4C86-B353-30F6606439B4}"
	ProjectSection(ProjectDependencies) = postProject
		{3932334D-E184-4A25-84E6-2EBAF73426A7} = {3932334D-E184-4A25-84E6-2EBAF73426A7}
		{E9876FBC-DC0F-4C3E-9C44-02A15A54685B} = {E9876FBC-DC0F-4C3E-9C44-02A15A54685B}
	EndProjectSection
EndProject
Project("{9A19103F-16F7-4668-BE54-9A1E7A4F7556}") = "SMNS.Data", "SMNS.Data\SMNS.Data.csproj", "{3932334D-E184-4A25-84E6-2EBAF73426A7}"
EndProject
Global
	GlobalSection(SolutionConfigurationPlatforms) = preSolution
		Debug|Any CPU = Debug|Any CPU
		Release|Any CPU = Release|Any CPU
	EndGlobalSection
	GlobalSection(ProjectConfigurationPlatforms) = postSolution
		{E7E4C67E-397E-4F97-864D-232AC8BE586B}.Debug|Any CPU.ActiveCfg = Debug|Any CPU
		{E7E4C67E-397E-4F97-864D-232AC8BE586B}.Debug|Any CPU.Build.0 = Debug|Any CPU
		{E7E4C67E-397E-4F97-864D-232AC8BE586B}.Release|Any CPU.ActiveCfg = Release|Any CPU
		{E7E4C67E-397E-4F97-864D-232AC8BE586B}.Release|Any CPU.Build.0 = Release|Any CPU
		{E9876FBC-DC0F-4C3E-9C44-02A15A54685B}.Debug|Any CPU.ActiveCfg = Debug|Any CPU
		{E9876FBC-DC0F-4C3E-9C44-02A15A54685B}.Debug|Any CPU.Build.0 = Debug|Any CPU
		{E9876FBC-DC0F-4C3E-9C44-02A15A54685B}.Release|Any CPU.ActiveCfg = Release|Any CPU
		{E9876FBC-DC0F-4C3E-9C44-02A15A54685B}.Release|Any CPU.Build.0 = Release|Any CPU
		{AB505BF7-297C-4C86-B353-30F6606439B4}.Debug|Any CPU.ActiveCfg = Debug|Any CPU
		{AB505BF7-297C-4C86-B353-30F6606439B4}.Debug|Any CPU.Build.0 = Debug|Any CPU
		{AB505BF7-297C-4C86-B353-30F6606439B4}.Release|Any CPU.ActiveCfg = Release|Any CPU
		{AB505BF7-297C-4C86-B353-30F6606439B4}.Release|Any CPU.Build.0 = Release|Any CPU
		{3932334D-E184-4A25-84E6-2EBAF73426A7}.Debug|Any CPU.ActiveCfg = Debug|Any CPU
		{3932334D-E184-4A25-84E6-2EBAF73426A7}.Debug|Any CPU.Build.0 = Debug|Any CPU
		{3932334D-E184-4A25-84E6-2EBAF73426A7}.Release|Any CPU.ActiveCfg = Release|Any CPU
		{3932334D-E184-4A25-84E6-2EBAF73426A7}.Release|Any CPU.Build.0 = Release|Any CPU
	EndGlobalSection
	GlobalSection(SolutionProperties) = preSolution
		HideSolutionNode = FALSE
	EndGlobalSection
	GlobalSection(ExtensibilityGlobals) = postSolution
		SolutionGuid = {EEFBED5E-0347-4C30-934E-89AD1D51A6E4}
	EndGlobalSection
EndGlobal
